
Microsoft Visual Studio Solution File, Format Version 12.00
# Visual Studio Version 17
VisualStudioVersion = 17.8.34322.80
MinimumVisualStudioVersion = 10.0.40219.1
Project("{FAE04EC0-301F-11D3-BF4B-00C04F79EFBC}") = "IF ELSE ORNEK1", "IF ELSE ORNEK1\IF ELSE ORNEK1.csproj", "{9CBCC0C0-C1EC-402D-B2CF-7214A024B4FC}"
EndProject
Global
	GlobalSection(SolutionConfigurationPlatforms) = preSolution
		Debug|Any CPU = Debug|Any CPU
		Release|Any CPU = Release|Any CPU
	EndGlobalSection
	GlobalSection(ProjectConfigurationPlatforms) = postSolution
		{9CBCC0C0-C1EC-402D-B2CF-7214A024B4FC}.Debug|Any CPU.ActiveCfg = Debug|Any CPU
		{9CBCC0C0-C1EC-402D-B2CF-7214A024B4FC}.Debug|Any CPU.Build.0 = Debug|Any CPU
		{9CBCC0C0-C1EC-402D-B2CF-7214A024B4FC}.Release|Any CPU.ActiveCfg = Release|Any CPU
		{9CBCC0C0-C1EC-402D-B2CF-7214A024B4FC}.Release|Any CPU.Build.0 = Release|Any CPU
	EndGlobalSection
	GlobalSection(SolutionProperties) = preSolution
		HideSolutionNode = FALSE
	EndGlobalSection
	GlobalSection(ExtensibilityGlobals) = postSolution
		SolutionGuid = {49279211-098E-4AFA-8CE5-2E679D77AFD9}
	EndGlobalSection
EndGlobal
